
Microsoft Visual Studio Solution File, Format Version 12.00
# Visual Studio Version 17
VisualStudioVersion = 17.0.31903.59
MinimumVisualStudioVersion = 10.0.40219.1
Project("{FAE04EC0-301F-11D3-BF4B-00C04F79EFBC}") = "SqlDapper", "SqlDapper\SqlDapper.csproj", "{2D1686B2-3B52-490E-8876-3C105C30701A}"
EndProject
Project("{FAE04EC0-301F-11D3-BF4B-00C04F79EFBC}") = "SqlDapper.Tests", "SqlDapper.Tests\SqlDapper.Tests.csproj", "{EA304144-D5F8-4615-959C-D05F7C2CCB27}"
EndProject
Project("{FAE04EC0-301F-11D3-BF4B-00C04F79EFBC}") = "SqlDapper.SqlServer", "SqlDapper.SqlServer\SqlDapper.SqlServer.csproj", "{95F49119-AC43-4E33-A8B6-CAFD0B559A2E}"
EndProject
Project("{FAE04EC0-301F-11D3-BF4B-00C04F79EFBC}") = "SqlDapper.SqlServer.Tests", "SqlDapper.SqlServer.Tests\SqlDapper.SqlServer.Tests.csproj", "{180B7495-54AD-4834-8D4C-092ECBFD25DC}"
EndProject
Global
	GlobalSection(SolutionConfigurationPlatforms) = preSolution
		Debug|Any CPU = Debug|Any CPU
		Release|Any CPU = Release|Any CPU
	EndGlobalSection
	GlobalSection(SolutionProperties) = preSolution
		HideSolutionNode = FALSE
	EndGlobalSection
	GlobalSection(ProjectConfigurationPlatforms) = postSolution
		{2D1686B2-3B52-490E-8876-3C105C30701A}.Debug|Any CPU.ActiveCfg = Debug|Any CPU
		{2D1686B2-3B52-490E-8876-3C105C30701A}.Debug|Any CPU.Build.0 = Debug|Any CPU
		{2D1686B2-3B52-490E-8876-3C105C30701A}.Release|Any CPU.ActiveCfg = Release|Any CPU
		{2D1686B2-3B52-490E-8876-3C105C30701A}.Release|Any CPU.Build.0 = Release|Any CPU
		{EA304144-D5F8-4615-959C-D05F7C2CCB27}.Debug|Any CPU.ActiveCfg = Debug|Any CPU
		{EA304144-D5F8-4615-959C-D05F7C2CCB27}.Debug|Any CPU.Build.0 = Debug|Any CPU
		{EA304144-D5F8-4615-959C-D05F7C2CCB27}.Release|Any CPU.ActiveCfg = Release|Any CPU
		{EA304144-D5F8-4615-959C-D05F7C2CCB27}.Release|Any CPU.Build.0 = Release|Any CPU
		{95F49119-AC43-4E33-A8B6-CAFD0B559A2E}.Debug|Any CPU.ActiveCfg = Debug|Any CPU
		{95F49119-AC43-4E33-A8B6-CAFD0B559A2E}.Debug|Any CPU.Build.0 = Debug|Any CPU
		{95F49119-AC43-4E33-A8B6-CAFD0B559A2E}.Release|Any CPU.ActiveCfg = Release|Any CPU
		{95F49119-AC43-4E33-A8B6-CAFD0B559A2E}.Release|Any CPU.Build.0 = Release|Any CPU
		{180B7495-54AD-4834-8D4C-092ECBFD25DC}.Debug|Any CPU.ActiveCfg = Debug|Any CPU
		{180B7495-54AD-4834-8D4C-092ECBFD25DC}.Debug|Any CPU.Build.0 = Debug|Any CPU
		{180B7495-54AD-4834-8D4C-092ECBFD25DC}.Release|Any CPU.ActiveCfg = Release|Any CPU
		{180B7495-54AD-4834-8D4C-092ECBFD25DC}.Release|Any CPU.Build.0 = Release|Any CPU
	EndGlobalSection
EndGlobal
